
Microsoft Visual Studio Solution File, Format Version 12.00
# Visual Studio Version 17
VisualStudioVersion = 17.1.32421.90
MinimumVisualStudioVersion = 10.0.40219.1
Project("{9A19103F-16F7-4668-BE54-9A1E7A4F7556}") = "MySaviors.Helpers", "MySaviors.Helpers\MySaviors.Helpers.csproj", "{BB1C9414-1F09-4D45-9192-003CEF114324}"
EndProject
Project("{9A19103F-16F7-4668-BE54-9A1E7A4F7556}") = "MySaviors.Helpers.Test", "MYSaviors.Helpers.Test\MySaviors.Helpers.Test.csproj", "{0F177D2A-39E5-472E-8EB5-48CB41A99AE5}"
EndProject
Global
	GlobalSection(SolutionConfigurationPlatforms) = preSolution
		Debug|Any CPU = Debug|Any CPU
		Release|Any CPU = Release|Any CPU
	EndGlobalSection
	GlobalSection(ProjectConfigurationPlatforms) = postSolution
		{BB1C9414-1F09-4D45-9192-003CEF114324}.Debug|Any CPU.ActiveCfg = Debug|Any CPU
		{BB1C9414-1F09-4D45-9192-003CEF114324}.Debug|Any CPU.Build.0 = Debug|Any CPU
		{BB1C9414-1F09-4D45-9192-003CEF114324}.Release|Any CPU.ActiveCfg = Release|Any CPU
		{BB1C9414-1F09-4D45-9192-003CEF114324}.Release|Any CPU.Build.0 = Release|Any CPU
		{0F177D2A-39E5-472E-8EB5-48CB41A99AE5}.Debug|Any CPU.ActiveCfg = Debug|Any CPU
		{0F177D2A-39E5-472E-8EB5-48CB41A99AE5}.Debug|Any CPU.Build.0 = Debug|Any CPU
		{0F177D2A-39E5-472E-8EB5-48CB41A99AE5}.Release|Any CPU.ActiveCfg = Release|Any CPU
		{0F177D2A-39E5-472E-8EB5-48CB41A99AE5}.Release|Any CPU.Build.0 = Release|Any CPU
	EndGlobalSection
	GlobalSection(SolutionProperties) = preSolution
		HideSolutionNode = FALSE
	EndGlobalSection
	GlobalSection(ExtensibilityGlobals) = postSolution
		SolutionGuid = {7B6766F7-C99D-425E-9588-73EB67AB2090}
	EndGlobalSection
EndGlobal
